// !$*UTF8*$!
{
	archiveVersion = 1;
	classes = {
	};
	objectVersion = 50;
	objects = {

/* Begin PBXBuildFile section */
		40F0DAB0246071A600452C11 /* p1012.cpp in Sources */ = {isa = PBXBuildFile; fileRef = 40A3217D243337C100034E73 /* p1012.cpp */; };
/* End PBXBuildFile section */

/* Begin PBXCopyFilesBuildPhase section */
		40037B65237D8CA50012F029 /* CopyFiles */ = {
			isa = PBXCopyFilesBuildPhase;
			buildActionMask = 2147483647;
			dstPath = /usr/share/man/man1/;
			dstSubfolderSpec = 0;
			files = (
			);
			runOnlyForDeploymentPostprocessing = 1;
		};
/* End PBXCopyFilesBuildPhase section */

/* Begin PBXFileReference section */
		40022319238592FF00BD7790 /* p8958.cpp */ = {isa = PBXFileReference; lastKnownFileType = sourcecode.cpp.cpp; path = p8958.cpp; sourceTree = "<group>"; };
		40037B67237D8CA50012F029 /* C++ */ = {isa = PBXFileReference; explicitFileType = "compiled.mach-o.executable"; includeInIndex = 0; path = "C++"; sourceTree = BUILT_PRODUCTS_DIR; };
		40037B6A237D8CA50012F029 /* main.cpp */ = {isa = PBXFileReference; lastKnownFileType = sourcecode.cpp.cpp; path = main.cpp; sourceTree = "<group>"; };
		40037B71237D91020012F029 /* p10171.cpp */ = {isa = PBXFileReference; lastKnownFileType = sourcecode.cpp.cpp; path = p10171.cpp; sourceTree = "<group>"; };
		40037B73237D927E0012F029 /* p10869.cpp */ = {isa = PBXFileReference; lastKnownFileType = sourcecode.cpp.cpp; path = p10869.cpp; sourceTree = "<group>"; };
		40037B75237D954D0012F029 /* p10172.cpp */ = {isa = PBXFileReference; lastKnownFileType = sourcecode.cpp.cpp; path = p10172.cpp; sourceTree = "<group>"; };
		40037B77237D97670012F029 /* p7287.cpp */ = {isa = PBXFileReference; lastKnownFileType = sourcecode.cpp.cpp; path = p7287.cpp; sourceTree = "<group>"; };
		40037B79237DA4E40012F029 /* p2562.cpp */ = {isa = PBXFileReference; lastKnownFileType = sourcecode.cpp.cpp; path = p2562.cpp; sourceTree = "<group>"; };
		4015EF0224572525003F46C2 /* p13460.cpp */ = {isa = PBXFileReference; lastKnownFileType = sourcecode.cpp.cpp; path = p13460.cpp; sourceTree = "<group>"; };
		40332A6D244EEC7C00F8FFCC /* dfs4.cpp */ = {isa = PBXFileReference; lastKnownFileType = sourcecode.cpp.cpp; path = dfs4.cpp; sourceTree = "<group>"; };
		40435475238C3DD4009D22D0 /* p2908.cpp */ = {isa = PBXFileReference; lastKnownFileType = sourcecode.cpp.cpp; path = p2908.cpp; sourceTree = "<group>"; };
		405276EF243CC80C000DCB0D /* sort2.cpp */ = {isa = PBXFileReference; lastKnownFileType = sourcecode.cpp.cpp; path = sort2.cpp; sourceTree = "<group>"; };
		405276F1243CD0EB000DCB0D /* sort3.cpp */ = {isa = PBXFileReference; lastKnownFileType = sourcecode.cpp.cpp; path = sort3.cpp; sourceTree = "<group>"; };
		405276F3243CDBDC000DCB0D /* bruteforce1.cpp */ = {isa = PBXFileReference; lastKnownFileType = sourcecode.cpp.cpp; path = bruteforce1.cpp; sourceTree = "<group>"; };
		405276F5243CDFC4000DCB0D /* heap2.cpp */ = {isa = PBXFileReference; lastKnownFileType = sourcecode.cpp.cpp; path = heap2.cpp; sourceTree = "<group>"; };
		405276F7243CE2A5000DCB0D /* heap3.cpp */ = {isa = PBXFileReference; lastKnownFileType = sourcecode.cpp.cpp; path = heap3.cpp; sourceTree = "<group>"; };
		405276FB243CF7EB000DCB0D /* bruteforce2.cpp */ = {isa = PBXFileReference; lastKnownFileType = sourcecode.cpp.cpp; path = bruteforce2.cpp; sourceTree = "<group>"; };
		405276FD243DD27E000DCB0D /* bruteforce3.cpp */ = {isa = PBXFileReference; lastKnownFileType = sourcecode.cpp.cpp; path = bruteforce3.cpp; sourceTree = "<group>"; };
		405276FF243DDA08000DCB0D /* dp1.cpp */ = {isa = PBXFileReference; lastKnownFileType = sourcecode.cpp.cpp; path = dp1.cpp; sourceTree = "<group>"; };
		40527701243DE1F0000DCB0D /* dp2.cpp */ = {isa = PBXFileReference; lastKnownFileType = sourcecode.cpp.cpp; path = dp2.cpp; sourceTree = "<group>"; };
		40527703243DF241000DCB0D /* dfs1.cpp */ = {isa = PBXFileReference; lastKnownFileType = sourcecode.cpp.cpp; path = dfs1.cpp; sourceTree = "<group>"; };
		40527705243E0053000DCB0D /* dfs2.cpp */ = {isa = PBXFileReference; lastKnownFileType = sourcecode.cpp.cpp; path = dfs2.cpp; sourceTree = "<group>"; };
		40527707243F200D000DCB0D /* dfs3.cpp */ = {isa = PBXFileReference; lastKnownFileType = sourcecode.cpp.cpp; path = dfs3.cpp; sourceTree = "<group>"; };
		4052770B243F4D39000DCB0D /* greedy1.cpp */ = {isa = PBXFileReference; lastKnownFileType = sourcecode.cpp.cpp; path = greedy1.cpp; sourceTree = "<group>"; };
		4069E4A2238440D5009D14B6 /* p3052.cpp */ = {isa = PBXFileReference; lastKnownFileType = sourcecode.cpp.cpp; path = p3052.cpp; sourceTree = "<group>"; };
		407543572450319100241DC0 /* greedy2.cpp */ = {isa = PBXFileReference; lastKnownFileType = sourcecode.cpp.cpp; path = greedy2.cpp; sourceTree = "<group>"; };
		407543592450395E00241DC0 /* greedy3.cpp */ = {isa = PBXFileReference; lastKnownFileType = sourcecode.cpp.cpp; path = greedy3.cpp; sourceTree = "<group>"; };
		4075435B24504DDE00241DC0 /* greedy4.cpp */ = {isa = PBXFileReference; lastKnownFileType = sourcecode.cpp.cpp; path = greedy4.cpp; sourceTree = "<group>"; };
		4075435D2450518000241DC0 /* p17136.cpp */ = {isa = PBXFileReference; lastKnownFileType = sourcecode.cpp.cpp; path = p17136.cpp; sourceTree = "<group>"; };
		407543602451B43700241DC0 /* stack3.cpp */ = {isa = PBXFileReference; lastKnownFileType = sourcecode.cpp.cpp; path = stack3.cpp; sourceTree = "<group>"; };
		407543612451D82B00241DC0 /* stack5.cpp */ = {isa = PBXFileReference; lastKnownFileType = sourcecode.cpp.cpp; path = stack5.cpp; sourceTree = "<group>"; };
		407543622452E2AC00241DC0 /* bruteforce4.cpp */ = {isa = PBXFileReference; lastKnownFileType = sourcecode.cpp.cpp; path = bruteforce4.cpp; sourceTree = "<group>"; };
		407543632452E30400241DC0 /* bruteforce5.cpp */ = {isa = PBXFileReference; lastKnownFileType = sourcecode.cpp.cpp; path = bruteforce5.cpp; sourceTree = "<group>"; };
		4078EF602462C9D100C68216 /* dfs7.cpp */ = {isa = PBXFileReference; lastKnownFileType = sourcecode.cpp.cpp; path = dfs7.cpp; sourceTree = "<group>"; };
		4078EF612462F88000C68216 /* pq4.cpp */ = {isa = PBXFileReference; lastKnownFileType = sourcecode.cpp.cpp; path = pq4.cpp; sourceTree = "<group>"; };
		407C2A39245C5CE30004489E /* p14501.cpp */ = {isa = PBXFileReference; lastKnownFileType = sourcecode.cpp.cpp; path = p14501.cpp; sourceTree = "<group>"; };
		407C2A3E245C7BE20004489E /* p16637.cpp */ = {isa = PBXFileReference; lastKnownFileType = sourcecode.cpp.cpp; path = p16637.cpp; sourceTree = "<group>"; };
		407C2A40245C87A90004489E /* bruteforce6.cpp */ = {isa = PBXFileReference; lastKnownFileType = sourcecode.cpp.cpp; path = bruteforce6.cpp; sourceTree = "<group>"; };
		407C2A42245CA2260004489E /* recursive1.cpp */ = {isa = PBXFileReference; lastKnownFileType = sourcecode.cpp.cpp; path = recursive1.cpp; sourceTree = "<group>"; };
		407FCF18240FDAC2003E367F /* p3009.cpp */ = {isa = PBXFileReference; lastKnownFileType = sourcecode.cpp.cpp; path = p3009.cpp; sourceTree = "<group>"; };
		407FCF1E24177C31003E367F /* p10870.cpp */ = {isa = PBXFileReference; lastKnownFileType = sourcecode.cpp.cpp; path = p10870.cpp; sourceTree = "<group>"; };
		407FCF22241794C8003E367F /* p7568.cpp */ = {isa = PBXFileReference; lastKnownFileType = sourcecode.cpp.cpp; path = p7568.cpp; sourceTree = "<group>"; };
		407FCF2424179BC5003E367F /* p11650.cpp */ = {isa = PBXFileReference; lastKnownFileType = sourcecode.cpp.cpp; path = p11650.cpp; sourceTree = "<group>"; };
		407FCF262417B1BF003E367F /* p11651.cpp */ = {isa = PBXFileReference; lastKnownFileType = sourcecode.cpp.cpp; path = p11651.cpp; sourceTree = "<group>"; };
		407FCF2A2417BD93003E367F /* p10828.cpp */ = {isa = PBXFileReference; lastKnownFileType = sourcecode.cpp.cpp; path = p10828.cpp; sourceTree = "<group>"; };
		407FCF2C2417C272003E367F /* p10773.cpp */ = {isa = PBXFileReference; lastKnownFileType = sourcecode.cpp.cpp; path = p10773.cpp; sourceTree = "<group>"; };
		407FCF2E2417C482003E367F /* p9012.cpp */ = {isa = PBXFileReference; lastKnownFileType = sourcecode.cpp.cpp; path = p9012.cpp; sourceTree = "<group>"; };
		407FCF3024190E3B003E367F /* p4949.cpp */ = {isa = PBXFileReference; lastKnownFileType = sourcecode.cpp.cpp; path = p4949.cpp; sourceTree = "<group>"; };
		407FCF3224194563003E367F /* p1874.cpp */ = {isa = PBXFileReference; lastKnownFileType = sourcecode.cpp.cpp; path = p1874.cpp; sourceTree = "<group>"; };
		407FCF34241E671F003E367F /* p18258.cpp */ = {isa = PBXFileReference; lastKnownFileType = sourcecode.cpp.cpp; path = p18258.cpp; sourceTree = "<group>"; };
		407FCF36241E7343003E367F /* p2164.cpp */ = {isa = PBXFileReference; lastKnownFileType = sourcecode.cpp.cpp; path = p2164.cpp; sourceTree = "<group>"; };
		407FCF38241E76F0003E367F /* p11866.cpp */ = {isa = PBXFileReference; lastKnownFileType = sourcecode.cpp.cpp; path = p11866.cpp; sourceTree = "<group>"; };
		407FCF3A241E8E88003E367F /* p1966.cpp */ = {isa = PBXFileReference; lastKnownFileType = sourcecode.cpp.cpp; path = p1966.cpp; sourceTree = "<group>"; };
		407FCF3C241F4C21003E367F /* p10866.cpp */ = {isa = PBXFileReference; lastKnownFileType = sourcecode.cpp.cpp; path = p10866.cpp; sourceTree = "<group>"; };
		407FCF3E241F589A003E367F /* p1021.cpp */ = {isa = PBXFileReference; lastKnownFileType = sourcecode.cpp.cpp; path = p1021.cpp; sourceTree = "<group>"; };
		407FCF40241F6ECF003E367F /* p5430.cpp */ = {isa = PBXFileReference; lastKnownFileType = sourcecode.cpp.cpp; path = p5430.cpp; sourceTree = "<group>"; };
		407FCF42241F971B003E367F /* p11054.cpp */ = {isa = PBXFileReference; lastKnownFileType = sourcecode.cpp.cpp; path = p11054.cpp; sourceTree = "<group>"; };
		407FCF44241F9F1D003E367F /* p12865.cpp */ = {isa = PBXFileReference; lastKnownFileType = sourcecode.cpp.cpp; path = p12865.cpp; sourceTree = "<group>"; };
		407FCF462420C6E9003E367F /* p2748.cpp */ = {isa = PBXFileReference; lastKnownFileType = sourcecode.cpp.cpp; path = p2748.cpp; sourceTree = "<group>"; };
		407FCF482420C8EB003E367F /* p2579.cpp */ = {isa = PBXFileReference; lastKnownFileType = sourcecode.cpp.cpp; path = p2579.cpp; sourceTree = "<group>"; };
		407FCF4A2420D553003E367F /* p2156.cpp */ = {isa = PBXFileReference; lastKnownFileType = sourcecode.cpp.cpp; path = p2156.cpp; sourceTree = "<group>"; };
		407FCF4D2420F08E003E367F /* p11053.cpp */ = {isa = PBXFileReference; lastKnownFileType = sourcecode.cpp.cpp; path = p11053.cpp; sourceTree = "<group>"; };
		407FCF4F2420FB26003E367F /* p1912.cpp */ = {isa = PBXFileReference; lastKnownFileType = sourcecode.cpp.cpp; path = p1912.cpp; sourceTree = "<group>"; };
		407FCF5224212EAA003E367F /* p2630.cpp */ = {isa = PBXFileReference; lastKnownFileType = sourcecode.cpp.cpp; path = p2630.cpp; sourceTree = "<group>"; };
		407FCF542428B973003E367F /* p1992.cpp */ = {isa = PBXFileReference; lastKnownFileType = sourcecode.cpp.cpp; path = p1992.cpp; sourceTree = "<group>"; };
		407FCF57242A2E5A003E367F /* p1629.cpp */ = {isa = PBXFileReference; lastKnownFileType = sourcecode.cpp.cpp; path = p1629.cpp; sourceTree = "<group>"; };
		407FCF59242A4089003E367F /* p11047.cpp */ = {isa = PBXFileReference; lastKnownFileType = sourcecode.cpp.cpp; path = p11047.cpp; sourceTree = "<group>"; };
		407FCF5D242A4AC4003E367F /* p11399.cpp */ = {isa = PBXFileReference; lastKnownFileType = sourcecode.cpp.cpp; path = p11399.cpp; sourceTree = "<group>"; };
		407FCF5F242A4EA2003E367F /* p1920.cpp */ = {isa = PBXFileReference; lastKnownFileType = sourcecode.cpp.cpp; path = p1920.cpp; sourceTree = "<group>"; };
		407FCF61242A5B04003E367F /* p10816.cpp */ = {isa = PBXFileReference; lastKnownFileType = sourcecode.cpp.cpp; path = p10816.cpp; sourceTree = "<group>"; };
		407FCF63242B5DDD003E367F /* p11279.cpp */ = {isa = PBXFileReference; lastKnownFileType = sourcecode.cpp.cpp; path = p11279.cpp; sourceTree = "<group>"; };
		407FCF65242B619F003E367F /* p1260.cpp */ = {isa = PBXFileReference; lastKnownFileType = sourcecode.cpp.cpp; path = p1260.cpp; sourceTree = "<group>"; };
		407FCF67242CF237003E367F /* p2606.cpp */ = {isa = PBXFileReference; lastKnownFileType = sourcecode.cpp.cpp; path = p2606.cpp; sourceTree = "<group>"; };
		407FCF69242CF733003E367F /* p2667.cpp */ = {isa = PBXFileReference; lastKnownFileType = sourcecode.cpp.cpp; path = p2667.cpp; sourceTree = "<group>"; };
		408A2687246085D600784EC3 /* dfs8.cpp */ = {isa = PBXFileReference; lastKnownFileType = sourcecode.cpp.cpp; path = dfs8.cpp; sourceTree = "<group>"; };
		408D650023A3CC73002A955F /* p2775.cpp */ = {isa = PBXFileReference; lastKnownFileType = sourcecode.cpp.cpp; path = p2775.cpp; sourceTree = "<group>"; };
		408D650223A3E4BB002A955F /* p1316.cpp */ = {isa = PBXFileReference; lastKnownFileType = sourcecode.cpp.cpp; path = p1316.cpp; sourceTree = "<group>"; };
		40A249932381A89E00AB0770 /* p2920.cpp */ = {isa = PBXFileReference; lastKnownFileType = sourcecode.cpp.cpp; path = p2920.cpp; sourceTree = "<group>"; };
		40A3217D243337C100034E73 /* p1012.cpp */ = {isa = PBXFileReference; lastKnownFileType = sourcecode.cpp.cpp; path = p1012.cpp; sourceTree = "<group>"; };
		40AAFA7223A14EF400EB5FA8 /* p5622.cpp */ = {isa = PBXFileReference; lastKnownFileType = sourcecode.cpp.cpp; path = p5622.cpp; sourceTree = "<group>"; };
		40B1CABB23A7CE0F00C78565 /* p2941.cpp */ = {isa = PBXFileReference; lastKnownFileType = sourcecode.cpp.cpp; path = p2941.cpp; sourceTree = "<group>"; };
		40C5CAB023830B1E004B6374 /* p2577.cpp */ = {isa = PBXFileReference; lastKnownFileType = sourcecode.cpp.cpp; path = p2577.cpp; sourceTree = "<group>"; };
		40CF85AA24371B9700025153 /* hash1.cpp */ = {isa = PBXFileReference; lastKnownFileType = sourcecode.cpp.cpp; path = hash1.cpp; sourceTree = "<group>"; };
		40CF85AC243722DA00025153 /* hash2.cpp */ = {isa = PBXFileReference; lastKnownFileType = sourcecode.cpp.cpp; path = hash2.cpp; sourceTree = "<group>"; };
		40CF85AE2437344800025153 /* hash3.cpp */ = {isa = PBXFileReference; lastKnownFileType = sourcecode.cpp.cpp; path = hash3.cpp; sourceTree = "<group>"; };
		40CF85B024373EBA00025153 /* stack1.cpp */ = {isa = PBXFileReference; lastKnownFileType = sourcecode.cpp.cpp; path = stack1.cpp; sourceTree = "<group>"; };
		40CF85B22437740C00025153 /* deque1.cpp */ = {isa = PBXFileReference; lastKnownFileType = sourcecode.cpp.cpp; path = deque1.cpp; sourceTree = "<group>"; };
		40CF85B424378D1800025153 /* deque2.cpp */ = {isa = PBXFileReference; lastKnownFileType = sourcecode.cpp.cpp; path = deque2.cpp; sourceTree = "<group>"; };
		40CF85B624379C2300025153 /* deque3.cpp */ = {isa = PBXFileReference; lastKnownFileType = sourcecode.cpp.cpp; path = deque3.cpp; sourceTree = "<group>"; };
		40CF85B8243A218300025153 /* stack2.cpp */ = {isa = PBXFileReference; lastKnownFileType = sourcecode.cpp.cpp; path = stack2.cpp; sourceTree = "<group>"; };
		40CF85BA243A2A6400025153 /* deque4.cpp */ = {isa = PBXFileReference; lastKnownFileType = sourcecode.cpp.cpp; path = deque4.cpp; sourceTree = "<group>"; };
		40CF85BC243A397F00025153 /* heap1.cpp */ = {isa = PBXFileReference; lastKnownFileType = sourcecode.cpp.cpp; path = heap1.cpp; sourceTree = "<group>"; };
		40CF85BE243B703800025153 /* sort1.cpp */ = {isa = PBXFileReference; lastKnownFileType = sourcecode.cpp.cpp; path = sort1.cpp; sourceTree = "<group>"; };
		40D6280C2388475E00627634 /* p2675.cpp */ = {isa = PBXFileReference; lastKnownFileType = sourcecode.cpp.cpp; path = p2675.cpp; sourceTree = "<group>"; };
		40ECABF82386D13E002C5516 /* p1546.cpp */ = {isa = PBXFileReference; lastKnownFileType = sourcecode.cpp.cpp; path = p1546.cpp; sourceTree = "<group>"; };
		40ECABFA2386E28D002C5516 /* p4344.cpp */ = {isa = PBXFileReference; lastKnownFileType = sourcecode.cpp.cpp; path = p4344.cpp; sourceTree = "<group>"; };
		40EFADC6245831F5008B20EE /* p14890.cpp */ = {isa = PBXFileReference; lastKnownFileType = sourcecode.cpp.cpp; path = p14890.cpp; sourceTree = "<group>"; };
		40EFADC82458467E008B20EE /* p13458.cpp */ = {isa = PBXFileReference; lastKnownFileType = sourcecode.cpp.cpp; path = p13458.cpp; sourceTree = "<group>"; };
		40EFADCA2459E0AA008B20EE /* p3190.cpp */ = {isa = PBXFileReference; lastKnownFileType = sourcecode.cpp.cpp; path = p3190.cpp; sourceTree = "<group>"; };
		40EFADCC245C40A0008B20EE /* p14499.cpp */ = {isa = PBXFileReference; lastKnownFileType = sourcecode.cpp.cpp; path = p14499.cpp; sourceTree = "<group>"; };
		40F0DAA1245EB00C00452C11 /* p17471.cpp */ = {isa = PBXFileReference; lastKnownFileType = sourcecode.cpp.cpp; path = p17471.cpp; sourceTree = "<group>"; };
		40F0DAA3245ED96100452C11 /* string1.cpp */ = {isa = PBXFileReference; lastKnownFileType = sourcecode.cpp.cpp; path = string1.cpp; sourceTree = "<group>"; };
		40F0DAA4245F0EB600452C11 /* bruteforce9.cpp */ = {isa = PBXFileReference; lastKnownFileType = sourcecode.cpp.cpp; path = bruteforce9.cpp; sourceTree = "<group>"; };
		40F0DAA5245F1BAE00452C11 /* dfs9.cpp */ = {isa = PBXFileReference; lastKnownFileType = sourcecode.cpp.cpp; path = dfs9.cpp; sourceTree = "<group>"; };
		40F0DAA62460033400452C11 /* p2178.cpp */ = {isa = PBXFileReference; lastKnownFileType = sourcecode.cpp.cpp; path = p2178.cpp; sourceTree = "<group>"; };
		40F0DAA82460044300452C11 /* unionfind.cpp */ = {isa = PBXFileReference; lastKnownFileType = sourcecode.cpp.cpp; path = unionfind.cpp; sourceTree = "<group>"; };
		40F0DAA924602E3200452C11 /* test.cpp */ = {isa = PBXFileReference; lastKnownFileType = sourcecode.cpp.cpp; path = test.cpp; sourceTree = "<group>"; };
		40F0DAAC24605E7100452C11 /* p2644.cpp */ = {isa = PBXFileReference; lastKnownFileType = sourcecode.cpp.cpp; path = p2644.cpp; sourceTree = "<group>"; };
		40F0DAAE24606D8600452C11 /* p14503.cpp */ = {isa = PBXFileReference; lastKnownFileType = sourcecode.cpp.cpp; path = p14503.cpp; sourceTree = "<group>"; };
/* End PBXFileReference section */

/* Begin PBXFrameworksBuildPhase section */
		40037B64237D8CA50012F029 /* Frameworks */ = {
			isa = PBXFrameworksBuildPhase;
			buildActionMask = 2147483647;
			files = (
			);
			runOnlyForDeploymentPostprocessing = 0;
		};
/* End PBXFrameworksBuildPhase section */

/* Begin PBXGroup section */
		40037B5E237D8CA50012F029 = {
			isa = PBXGroup;
			children = (
				40037B69237D8CA50012F029 /* C++ */,
				40037B68237D8CA50012F029 /* Products */,
			);
			sourceTree = "<group>";
		};
		40037B68237D8CA50012F029 /* Products */ = {
			isa = PBXGroup;
			children = (
				40037B67237D8CA50012F029 /* C++ */,
			);
			name = Products;
			sourceTree = "<group>";
		};
		40037B69237D8CA50012F029 /* C++ */ = {
			isa = PBXGroup;
			children = (
				40037B6A237D8CA50012F029 /* main.cpp */,
				40037B71237D91020012F029 /* p10171.cpp */,
				40037B73237D927E0012F029 /* p10869.cpp */,
				40037B75237D954D0012F029 /* p10172.cpp */,
				40037B77237D97670012F029 /* p7287.cpp */,
				40037B79237DA4E40012F029 /* p2562.cpp */,
				40A249932381A89E00AB0770 /* p2920.cpp */,
				40C5CAB023830B1E004B6374 /* p2577.cpp */,
				4069E4A2238440D5009D14B6 /* p3052.cpp */,
				40022319238592FF00BD7790 /* p8958.cpp */,
				40ECABF82386D13E002C5516 /* p1546.cpp */,
				40ECABFA2386E28D002C5516 /* p4344.cpp */,
				40D6280C2388475E00627634 /* p2675.cpp */,
				40435475238C3DD4009D22D0 /* p2908.cpp */,
				40AAFA7223A14EF400EB5FA8 /* p5622.cpp */,
				408D650023A3CC73002A955F /* p2775.cpp */,
				408D650223A3E4BB002A955F /* p1316.cpp */,
				40B1CABB23A7CE0F00C78565 /* p2941.cpp */,
				407FCF18240FDAC2003E367F /* p3009.cpp */,
				407FCF1E24177C31003E367F /* p10870.cpp */,
				407FCF22241794C8003E367F /* p7568.cpp */,
				407FCF2424179BC5003E367F /* p11650.cpp */,
				407FCF262417B1BF003E367F /* p11651.cpp */,
				407FCF2A2417BD93003E367F /* p10828.cpp */,
				407FCF2C2417C272003E367F /* p10773.cpp */,
				407FCF2E2417C482003E367F /* p9012.cpp */,
				407FCF3024190E3B003E367F /* p4949.cpp */,
				407FCF3224194563003E367F /* p1874.cpp */,
				407FCF34241E671F003E367F /* p18258.cpp */,
				407FCF36241E7343003E367F /* p2164.cpp */,
				407FCF38241E76F0003E367F /* p11866.cpp */,
				407FCF3A241E8E88003E367F /* p1966.cpp */,
				407FCF3C241F4C21003E367F /* p10866.cpp */,
				407FCF3E241F589A003E367F /* p1021.cpp */,
				407FCF40241F6ECF003E367F /* p5430.cpp */,
				407FCF42241F971B003E367F /* p11054.cpp */,
				407FCF44241F9F1D003E367F /* p12865.cpp */,
				407FCF462420C6E9003E367F /* p2748.cpp */,
				407FCF482420C8EB003E367F /* p2579.cpp */,
				407FCF4A2420D553003E367F /* p2156.cpp */,
				407FCF4D2420F08E003E367F /* p11053.cpp */,
				407FCF4F2420FB26003E367F /* p1912.cpp */,
				407FCF5224212EAA003E367F /* p2630.cpp */,
				407FCF542428B973003E367F /* p1992.cpp */,
				407FCF57242A2E5A003E367F /* p1629.cpp */,
				407FCF59242A4089003E367F /* p11047.cpp */,
				407FCF5D242A4AC4003E367F /* p11399.cpp */,
				407FCF5F242A4EA2003E367F /* p1920.cpp */,
				407FCF61242A5B04003E367F /* p10816.cpp */,
				407FCF63242B5DDD003E367F /* p11279.cpp */,
				407FCF65242B619F003E367F /* p1260.cpp */,
				407FCF67242CF237003E367F /* p2606.cpp */,
				407FCF69242CF733003E367F /* p2667.cpp */,
				40A3217D243337C100034E73 /* p1012.cpp */,
				40CF85AA24371B9700025153 /* hash1.cpp */,
				40CF85AC243722DA00025153 /* hash2.cpp */,
				40CF85AE2437344800025153 /* hash3.cpp */,
				40CF85B024373EBA00025153 /* stack1.cpp */,
				40CF85B22437740C00025153 /* deque1.cpp */,
				40CF85B424378D1800025153 /* deque2.cpp */,
				40CF85B624379C2300025153 /* deque3.cpp */,
				40CF85B8243A218300025153 /* stack2.cpp */,
				40CF85BA243A2A6400025153 /* deque4.cpp */,
				40CF85BC243A397F00025153 /* heap1.cpp */,
				40CF85BE243B703800025153 /* sort1.cpp */,
				405276EF243CC80C000DCB0D /* sort2.cpp */,
				405276F1243CD0EB000DCB0D /* sort3.cpp */,
				405276F3243CDBDC000DCB0D /* bruteforce1.cpp */,
				405276F5243CDFC4000DCB0D /* heap2.cpp */,
				405276F7243CE2A5000DCB0D /* heap3.cpp */,
				405276FB243CF7EB000DCB0D /* bruteforce2.cpp */,
				405276FD243DD27E000DCB0D /* bruteforce3.cpp */,
				405276FF243DDA08000DCB0D /* dp1.cpp */,
				40527701243DE1F0000DCB0D /* dp2.cpp */,
				40527703243DF241000DCB0D /* dfs1.cpp */,
				40527705243E0053000DCB0D /* dfs2.cpp */,
				40527707243F200D000DCB0D /* dfs3.cpp */,
				4052770B243F4D39000DCB0D /* greedy1.cpp */,
				40332A6D244EEC7C00F8FFCC /* dfs4.cpp */,
				407543572450319100241DC0 /* greedy2.cpp */,
				407543592450395E00241DC0 /* greedy3.cpp */,
				4075435B24504DDE00241DC0 /* greedy4.cpp */,
				4075435D2450518000241DC0 /* p17136.cpp */,
				407543602451B43700241DC0 /* stack3.cpp */,
				407543612451D82B00241DC0 /* stack5.cpp */,
				407543622452E2AC00241DC0 /* bruteforce4.cpp */,
				407543632452E30400241DC0 /* bruteforce5.cpp */,
				4015EF0224572525003F46C2 /* p13460.cpp */,
				40EFADC6245831F5008B20EE /* p14890.cpp */,
				40EFADC82458467E008B20EE /* p13458.cpp */,
				40EFADCA2459E0AA008B20EE /* p3190.cpp */,
				40EFADCC245C40A0008B20EE /* p14499.cpp */,
				407C2A39245C5CE30004489E /* p14501.cpp */,
				407C2A3E245C7BE20004489E /* p16637.cpp */,
				407C2A40245C87A90004489E /* bruteforce6.cpp */,
				407C2A42245CA2260004489E /* recursive1.cpp */,
				40F0DAA1245EB00C00452C11 /* p17471.cpp */,
				40F0DAA3245ED96100452C11 /* string1.cpp */,
				40F0DAA4245F0EB600452C11 /* bruteforce9.cpp */,
				40F0DAA5245F1BAE00452C11 /* dfs9.cpp */,
				40F0DAA62460033400452C11 /* p2178.cpp */,
				40F0DAA82460044300452C11 /* unionfind.cpp */,
				40F0DAA924602E3200452C11 /* test.cpp */,
				40F0DAAC24605E7100452C11 /* p2644.cpp */,
				40F0DAAE24606D8600452C11 /* p14503.cpp */,
				408A2687246085D600784EC3 /* dfs8.cpp */,
				4078EF602462C9D100C68216 /* dfs7.cpp */,
				4078EF612462F88000C68216 /* pq4.cpp */,
			);
			path = "C++";
			sourceTree = "<group>";
		};
/* End PBXGroup section */

/* Begin PBXNativeTarget section */
		40037B66237D8CA50012F029 /* C++ */ = {
			isa = PBXNativeTarget;
			buildConfigurationList = 40037B6E237D8CA50012F029 /* Build configuration list for PBXNativeTarget "C++" */;
			buildPhases = (
				40037B63237D8CA50012F029 /* Sources */,
				40037B64237D8CA50012F029 /* Frameworks */,
				40037B65237D8CA50012F029 /* CopyFiles */,
			);
			buildRules = (
			);
			dependencies = (
			);
			name = "C++";
			productName = "C++";
			productReference = 40037B67237D8CA50012F029 /* C++ */;
			productType = "com.apple.product-type.tool";
		};
/* End PBXNativeTarget section */

/* Begin PBXProject section */
		40037B5F237D8CA50012F029 /* Project object */ = {
			isa = PBXProject;
			attributes = {
				LastUpgradeCheck = 1120;
				ORGANIZATIONNAME = KimHanJu;
				TargetAttributes = {
					40037B66237D8CA50012F029 = {
						CreatedOnToolsVersion = 11.2.1;
					};
				};
			};
			buildConfigurationList = 40037B62237D8CA50012F029 /* Build configuration list for PBXProject "C++" */;
			compatibilityVersion = "Xcode 9.3";
			developmentRegion = en;
			hasScannedForEncodings = 0;
			knownRegions = (
				en,
				Base,
			);
			mainGroup = 40037B5E237D8CA50012F029;
			productRefGroup = 40037B68237D8CA50012F029 /* Products */;
			projectDirPath = "";
			projectRoot = "";
			targets = (
				40037B66237D8CA50012F029 /* C++ */,
			);
		};
/* End PBXProject section */

/* Begin PBXSourcesBuildPhase section */
		40037B63237D8CA50012F029 /* Sources */ = {
			isa = PBXSourcesBuildPhase;
			buildActionMask = 2147483647;
			files = (
				40F0DAB0246071A600452C11 /* p1012.cpp in Sources */,
			);
			runOnlyForDeploymentPostprocessing = 0;
		};
/* End PBXSourcesBuildPhase section */

/* Begin XCBuildConfiguration section */
		40037B6C237D8CA50012F029 /* Debug */ = {
			isa = XCBuildConfiguration;
			buildSettings = {
				ALWAYS_SEARCH_USER_PATHS = NO;
				CLANG_ANALYZER_NONNULL = YES;
				CLANG_ANALYZER_NUMBER_OBJECT_CONVERSION = YES_AGGRESSIVE;
				CLANG_CXX_LANGUAGE_STANDARD = "gnu++14";
				CLANG_CXX_LIBRARY = "libc++";
				CLANG_ENABLE_MODULES = YES;
				CLANG_ENABLE_OBJC_ARC = YES;
				CLANG_ENABLE_OBJC_WEAK = YES;
				CLANG_WARN_BLOCK_CAPTURE_AUTORELEASING = YES;
				CLANG_WARN_BOOL_CONVERSION = YES;
				CLANG_WARN_COMMA = YES;
				CLANG_WARN_CONSTANT_CONVERSION = YES;
				CLANG_WARN_DEPRECATED_OBJC_IMPLEMENTATIONS = YES;
				CLANG_WARN_DIRECT_OBJC_ISA_USAGE = YES_ERROR;
				CLANG_WARN_DOCUMENTATION_COMMENTS = YES;
				CLANG_WARN_EMPTY_BODY = YES;
				CLANG_WARN_ENUM_CONVERSION = YES;
				CLANG_WARN_INFINITE_RECURSION = YES;
				CLANG_WARN_INT_CONVERSION = YES;
				CLANG_WARN_NON_LITERAL_NULL_CONVERSION = YES;
				CLANG_WARN_OBJC_IMPLICIT_RETAIN_SELF = YES;
				CLANG_WARN_OBJC_LITERAL_CONVERSION = YES;
				CLANG_WARN_OBJC_ROOT_CLASS = YES_ERROR;
				CLANG_WARN_RANGE_LOOP_ANALYSIS = YES;
				CLANG_WARN_STRICT_PROTOTYPES = YES;
				CLANG_WARN_SUSPICIOUS_MOVE = YES;
				CLANG_WARN_UNGUARDED_AVAILABILITY = YES_AGGRESSIVE;
				CLANG_WARN_UNREACHABLE_CODE = YES;
				CLANG_WARN__DUPLICATE_METHOD_MATCH = YES;
				COPY_PHASE_STRIP = NO;
				DEBUG_INFORMATION_FORMAT = dwarf;
				ENABLE_STRICT_OBJC_MSGSEND = YES;
				ENABLE_TESTABILITY = YES;
				GCC_C_LANGUAGE_STANDARD = gnu11;
				GCC_DYNAMIC_NO_PIC = NO;
				GCC_NO_COMMON_BLOCKS = YES;
				GCC_OPTIMIZATION_LEVEL = 0;
				GCC_PREPROCESSOR_DEFINITIONS = (
					"DEBUG=1",
					"$(inherited)",
				);
				GCC_WARN_64_TO_32_BIT_CONVERSION = YES;
				GCC_WARN_ABOUT_RETURN_TYPE = YES_ERROR;
				GCC_WARN_UNDECLARED_SELECTOR = YES;
				GCC_WARN_UNINITIALIZED_AUTOS = YES_AGGRESSIVE;
				GCC_WARN_UNUSED_FUNCTION = YES;
				GCC_WARN_UNUSED_VARIABLE = YES;
				MACOSX_DEPLOYMENT_TARGET = 10.15;
				MTL_ENABLE_DEBUG_INFO = INCLUDE_SOURCE;
				MTL_FAST_MATH = YES;
				ONLY_ACTIVE_ARCH = YES;
				SDKROOT = macosx;
			};
			name = Debug;
		};
		40037B6D237D8CA50012F029 /* Release */ = {
			isa = XCBuildConfiguration;
			buildSettings = {
				ALWAYS_SEARCH_USER_PATHS = NO;
				CLANG_ANALYZER_NONNULL = YES;
				CLANG_ANALYZER_NUMBER_OBJECT_CONVERSION = YES_AGGRESSIVE;
				CLANG_CXX_LANGUAGE_STANDARD = "gnu++14";
				CLANG_CXX_LIBRARY = "libc++";
				CLANG_ENABLE_MODULES = YES;
				CLANG_ENABLE_OBJC_ARC = YES;
				CLANG_ENABLE_OBJC_WEAK = YES;
				CLANG_WARN_BLOCK_CAPTURE_AUTORELEASING = YES;
				CLANG_WARN_BOOL_CONVERSION = YES;
				CLANG_WARN_COMMA = YES;
				CLANG_WARN_CONSTANT_CONVERSION = YES;
				CLANG_WARN_DEPRECATED_OBJC_IMPLEMENTATIONS = YES;
				CLANG_WARN_DIRECT_OBJC_ISA_USAGE = YES_ERROR;
				CLANG_WARN_DOCUMENTATION_COMMENTS = YES;
				CLANG_WARN_EMPTY_BODY = YES;
				CLANG_WARN_ENUM_CONVERSION = YES;
				CLANG_WARN_INFINITE_RECURSION = YES;
				CLANG_WARN_INT_CONVERSION = YES;
				CLANG_WARN_NON_LITERAL_NULL_CONVERSION = YES;
				CLANG_WARN_OBJC_IMPLICIT_RETAIN_SELF = YES;
				CLANG_WARN_OBJC_LITERAL_CONVERSION = YES;
				CLANG_WARN_OBJC_ROOT_CLASS = YES_ERROR;
				CLANG_WARN_RANGE_LOOP_ANALYSIS = YES;
				CLANG_WARN_STRICT_PROTOTYPES = YES;
				CLANG_WARN_SUSPICIOUS_MOVE = YES;
				CLANG_WARN_UNGUARDED_AVAILABILITY = YES_AGGRESSIVE;
				CLANG_WARN_UNREACHABLE_CODE = YES;
				CLANG_WARN__DUPLICATE_METHOD_MATCH = YES;
				COPY_PHASE_STRIP = NO;
				DEBUG_INFORMATION_FORMAT = "dwarf-with-dsym";
				ENABLE_NS_ASSERTIONS = NO;
				ENABLE_STRICT_OBJC_MSGSEND = YES;
				GCC_C_LANGUAGE_STANDARD = gnu11;
				GCC_NO_COMMON_BLOCKS = YES;
				GCC_WARN_64_TO_32_BIT_CONVERSION = YES;
				GCC_WARN_ABOUT_RETURN_TYPE = YES_ERROR;
				GCC_WARN_UNDECLARED_SELECTOR = YES;
				GCC_WARN_UNINITIALIZED_AUTOS = YES_AGGRESSIVE;
				GCC_WARN_UNUSED_FUNCTION = YES;
				GCC_WARN_UNUSED_VARIABLE = YES;
				MACOSX_DEPLOYMENT_TARGET = 10.15;
				MTL_ENABLE_DEBUG_INFO = NO;
				MTL_FAST_MATH = YES;
				SDKROOT = macosx;
			};
			name = Release;
		};
		40037B6F237D8CA50012F029 /* Debug */ = {
			isa = XCBuildConfiguration;
			buildSettings = {
				CODE_SIGN_STYLE = Automatic;
				PRODUCT_NAME = "$(TARGET_NAME)";
			};
			name = Debug;
		};
		40037B70237D8CA50012F029 /* Release */ = {
			isa = XCBuildConfiguration;
			buildSettings = {
				CODE_SIGN_STYLE = Automatic;
				PRODUCT_NAME = "$(TARGET_NAME)";
			};
			name = Release;
		};
/* End XCBuildConfiguration section */

/* Begin XCConfigurationList section */
		40037B62237D8CA50012F029 /* Build configuration list for PBXProject "C++" */ = {
			isa = XCConfigurationList;
			buildConfigurations = (
				40037B6C237D8CA50012F029 /* Debug */,
				40037B6D237D8CA50012F029 /* Release */,
			);
			defaultConfigurationIsVisible = 0;
			defaultConfigurationName = Release;
		};
		40037B6E237D8CA50012F029 /* Build configuration list for PBXNativeTarget "C++" */ = {
			isa = XCConfigurationList;
			buildConfigurations = (
				40037B6F237D8CA50012F029 /* Debug */,
				40037B70237D8CA50012F029 /* Release */,
			);
			defaultConfigurationIsVisible = 0;
			defaultConfigurationName = Release;
		};
/* End XCConfigurationList section */
	};
	rootObject = 40037B5F237D8CA50012F029 /* Project object */;
}
