// !$*UTF8*$!
{
	archiveVersion = 1;
	classes = {
	};
	objectVersion = 50;
	objects = {

/* Begin PBXBuildFile section */
		407FCF35241E671F003E367F /* p18258.cpp in Sources */ = {isa = PBXBuildFile; fileRef = 407FCF34241E671F003E367F /* p18258.cpp */; };
/* End PBXBuildFile section */

/* Begin PBXCopyFilesBuildPhase section */
		40037B65237D8CA50012F029 /* CopyFiles */ = {
			isa = PBXCopyFilesBuildPhase;
			buildActionMask = 2147483647;
			dstPath = /usr/share/man/man1/;
			dstSubfolderSpec = 0;
			files = (
			);
			runOnlyForDeploymentPostprocessing = 1;
		};
/* End PBXCopyFilesBuildPhase section */

/* Begin PBXFileReference section */
		40022319238592FF00BD7790 /* p8958.cpp */ = {isa = PBXFileReference; lastKnownFileType = sourcecode.cpp.cpp; path = p8958.cpp; sourceTree = "<group>"; };
		40037B67237D8CA50012F029 /* C++ */ = {isa = PBXFileReference; explicitFileType = "compiled.mach-o.executable"; includeInIndex = 0; path = "C++"; sourceTree = BUILT_PRODUCTS_DIR; };
		40037B6A237D8CA50012F029 /* main.cpp */ = {isa = PBXFileReference; lastKnownFileType = sourcecode.cpp.cpp; path = main.cpp; sourceTree = "<group>"; };
		40037B71237D91020012F029 /* p10171.cpp */ = {isa = PBXFileReference; lastKnownFileType = sourcecode.cpp.cpp; path = p10171.cpp; sourceTree = "<group>"; };
		40037B73237D927E0012F029 /* p10869.cpp */ = {isa = PBXFileReference; lastKnownFileType = sourcecode.cpp.cpp; path = p10869.cpp; sourceTree = "<group>"; };
		40037B75237D954D0012F029 /* p10172.cpp */ = {isa = PBXFileReference; lastKnownFileType = sourcecode.cpp.cpp; path = p10172.cpp; sourceTree = "<group>"; };
		40037B77237D97670012F029 /* p7287.cpp */ = {isa = PBXFileReference; lastKnownFileType = sourcecode.cpp.cpp; path = p7287.cpp; sourceTree = "<group>"; };
		40037B79237DA4E40012F029 /* p2562.cpp */ = {isa = PBXFileReference; lastKnownFileType = sourcecode.cpp.cpp; path = p2562.cpp; sourceTree = "<group>"; };
		40435475238C3DD4009D22D0 /* p2908.cpp */ = {isa = PBXFileReference; lastKnownFileType = sourcecode.cpp.cpp; path = p2908.cpp; sourceTree = "<group>"; };
		4069E4A2238440D5009D14B6 /* p3052.cpp */ = {isa = PBXFileReference; lastKnownFileType = sourcecode.cpp.cpp; path = p3052.cpp; sourceTree = "<group>"; };
		407FCF18240FDAC2003E367F /* p3009.cpp */ = {isa = PBXFileReference; lastKnownFileType = sourcecode.cpp.cpp; path = p3009.cpp; sourceTree = "<group>"; };
		407FCF1E24177C31003E367F /* p10870.cpp */ = {isa = PBXFileReference; lastKnownFileType = sourcecode.cpp.cpp; path = p10870.cpp; sourceTree = "<group>"; };
		407FCF22241794C8003E367F /* p7568.cpp */ = {isa = PBXFileReference; lastKnownFileType = sourcecode.cpp.cpp; path = p7568.cpp; sourceTree = "<group>"; };
		407FCF2424179BC5003E367F /* p11650.cpp */ = {isa = PBXFileReference; lastKnownFileType = sourcecode.cpp.cpp; path = p11650.cpp; sourceTree = "<group>"; };
		407FCF262417B1BF003E367F /* p11651.cpp */ = {isa = PBXFileReference; lastKnownFileType = sourcecode.cpp.cpp; path = p11651.cpp; sourceTree = "<group>"; };
		407FCF2A2417BD93003E367F /* p10828.cpp */ = {isa = PBXFileReference; lastKnownFileType = sourcecode.cpp.cpp; path = p10828.cpp; sourceTree = "<group>"; };
		407FCF2C2417C272003E367F /* p10773.cpp */ = {isa = PBXFileReference; lastKnownFileType = sourcecode.cpp.cpp; path = p10773.cpp; sourceTree = "<group>"; };
		407FCF2E2417C482003E367F /* p9012.cpp */ = {isa = PBXFileReference; lastKnownFileType = sourcecode.cpp.cpp; path = p9012.cpp; sourceTree = "<group>"; };
		407FCF3024190E3B003E367F /* p4949.cpp */ = {isa = PBXFileReference; lastKnownFileType = sourcecode.cpp.cpp; path = p4949.cpp; sourceTree = "<group>"; };
		407FCF3224194563003E367F /* p1874.cpp */ = {isa = PBXFileReference; lastKnownFileType = sourcecode.cpp.cpp; path = p1874.cpp; sourceTree = "<group>"; };
		407FCF34241E671F003E367F /* p18258.cpp */ = {isa = PBXFileReference; lastKnownFileType = sourcecode.cpp.cpp; path = p18258.cpp; sourceTree = "<group>"; };
		408D650023A3CC73002A955F /* p2775.cpp */ = {isa = PBXFileReference; lastKnownFileType = sourcecode.cpp.cpp; path = p2775.cpp; sourceTree = "<group>"; };
		408D650223A3E4BB002A955F /* p1316.cpp */ = {isa = PBXFileReference; lastKnownFileType = sourcecode.cpp.cpp; path = p1316.cpp; sourceTree = "<group>"; };
		40A249932381A89E00AB0770 /* p2920.cpp */ = {isa = PBXFileReference; lastKnownFileType = sourcecode.cpp.cpp; path = p2920.cpp; sourceTree = "<group>"; };
		40AAFA7223A14EF400EB5FA8 /* p5622.cpp */ = {isa = PBXFileReference; lastKnownFileType = sourcecode.cpp.cpp; path = p5622.cpp; sourceTree = "<group>"; };
		40B1CABB23A7CE0F00C78565 /* p2941.cpp */ = {isa = PBXFileReference; lastKnownFileType = sourcecode.cpp.cpp; path = p2941.cpp; sourceTree = "<group>"; };
		40C5CAB023830B1E004B6374 /* p2577.cpp */ = {isa = PBXFileReference; lastKnownFileType = sourcecode.cpp.cpp; path = p2577.cpp; sourceTree = "<group>"; };
		40D6280C2388475E00627634 /* p2675.cpp */ = {isa = PBXFileReference; lastKnownFileType = sourcecode.cpp.cpp; path = p2675.cpp; sourceTree = "<group>"; };
		40ECABF82386D13E002C5516 /* p1546.cpp */ = {isa = PBXFileReference; lastKnownFileType = sourcecode.cpp.cpp; path = p1546.cpp; sourceTree = "<group>"; };
		40ECABFA2386E28D002C5516 /* p4344.cpp */ = {isa = PBXFileReference; lastKnownFileType = sourcecode.cpp.cpp; path = p4344.cpp; sourceTree = "<group>"; };
/* End PBXFileReference section */

/* Begin PBXFrameworksBuildPhase section */
		40037B64237D8CA50012F029 /* Frameworks */ = {
			isa = PBXFrameworksBuildPhase;
			buildActionMask = 2147483647;
			files = (
			);
			runOnlyForDeploymentPostprocessing = 0;
		};
/* End PBXFrameworksBuildPhase section */

/* Begin PBXGroup section */
		40037B5E237D8CA50012F029 = {
			isa = PBXGroup;
			children = (
				40037B69237D8CA50012F029 /* C++ */,
				40037B68237D8CA50012F029 /* Products */,
			);
			sourceTree = "<group>";
		};
		40037B68237D8CA50012F029 /* Products */ = {
			isa = PBXGroup;
			children = (
				40037B67237D8CA50012F029 /* C++ */,
			);
			name = Products;
			sourceTree = "<group>";
		};
		40037B69237D8CA50012F029 /* C++ */ = {
			isa = PBXGroup;
			children = (
				40037B6A237D8CA50012F029 /* main.cpp */,
				40037B71237D91020012F029 /* p10171.cpp */,
				40037B73237D927E0012F029 /* p10869.cpp */,
				40037B75237D954D0012F029 /* p10172.cpp */,
				40037B77237D97670012F029 /* p7287.cpp */,
				40037B79237DA4E40012F029 /* p2562.cpp */,
				40A249932381A89E00AB0770 /* p2920.cpp */,
				40C5CAB023830B1E004B6374 /* p2577.cpp */,
				4069E4A2238440D5009D14B6 /* p3052.cpp */,
				40022319238592FF00BD7790 /* p8958.cpp */,
				40ECABF82386D13E002C5516 /* p1546.cpp */,
				40ECABFA2386E28D002C5516 /* p4344.cpp */,
				40D6280C2388475E00627634 /* p2675.cpp */,
				40435475238C3DD4009D22D0 /* p2908.cpp */,
				40AAFA7223A14EF400EB5FA8 /* p5622.cpp */,
				408D650023A3CC73002A955F /* p2775.cpp */,
				408D650223A3E4BB002A955F /* p1316.cpp */,
				40B1CABB23A7CE0F00C78565 /* p2941.cpp */,
				407FCF18240FDAC2003E367F /* p3009.cpp */,
				407FCF1E24177C31003E367F /* p10870.cpp */,
				407FCF22241794C8003E367F /* p7568.cpp */,
				407FCF2424179BC5003E367F /* p11650.cpp */,
				407FCF262417B1BF003E367F /* p11651.cpp */,
				407FCF2A2417BD93003E367F /* p10828.cpp */,
				407FCF2C2417C272003E367F /* p10773.cpp */,
				407FCF2E2417C482003E367F /* p9012.cpp */,
				407FCF3024190E3B003E367F /* p4949.cpp */,
				407FCF3224194563003E367F /* p1874.cpp */,
				407FCF34241E671F003E367F /* p18258.cpp */,
			);
			path = "C++";
			sourceTree = "<group>";
		};
/* End PBXGroup section */

/* Begin PBXNativeTarget section */
		40037B66237D8CA50012F029 /* C++ */ = {
			isa = PBXNativeTarget;
			buildConfigurationList = 40037B6E237D8CA50012F029 /* Build configuration list for PBXNativeTarget "C++" */;
			buildPhases = (
				40037B63237D8CA50012F029 /* Sources */,
				40037B64237D8CA50012F029 /* Frameworks */,
				40037B65237D8CA50012F029 /* CopyFiles */,
			);
			buildRules = (
			);
			dependencies = (
			);
			name = "C++";
			productName = "C++";
			productReference = 40037B67237D8CA50012F029 /* C++ */;
			productType = "com.apple.product-type.tool";
		};
/* End PBXNativeTarget section */

/* Begin PBXProject section */
		40037B5F237D8CA50012F029 /* Project object */ = {
			isa = PBXProject;
			attributes = {
				LastUpgradeCheck = 1120;
				ORGANIZATIONNAME = KimHanJu;
				TargetAttributes = {
					40037B66237D8CA50012F029 = {
						CreatedOnToolsVersion = 11.2.1;
					};
				};
			};
			buildConfigurationList = 40037B62237D8CA50012F029 /* Build configuration list for PBXProject "C++" */;
			compatibilityVersion = "Xcode 9.3";
			developmentRegion = en;
			hasScannedForEncodings = 0;
			knownRegions = (
				en,
				Base,
			);
			mainGroup = 40037B5E237D8CA50012F029;
			productRefGroup = 40037B68237D8CA50012F029 /* Products */;
			projectDirPath = "";
			projectRoot = "";
			targets = (
				40037B66237D8CA50012F029 /* C++ */,
			);
		};
/* End PBXProject section */

/* Begin PBXSourcesBuildPhase section */
		40037B63237D8CA50012F029 /* Sources */ = {
			isa = PBXSourcesBuildPhase;
			buildActionMask = 2147483647;
			files = (
				407FCF35241E671F003E367F /* p18258.cpp in Sources */,
			);
			runOnlyForDeploymentPostprocessing = 0;
		};
/* End PBXSourcesBuildPhase section */

/* Begin XCBuildConfiguration section */
		40037B6C237D8CA50012F029 /* Debug */ = {
			isa = XCBuildConfiguration;
			buildSettings = {
				ALWAYS_SEARCH_USER_PATHS = NO;
				CLANG_ANALYZER_NONNULL = YES;
				CLANG_ANALYZER_NUMBER_OBJECT_CONVERSION = YES_AGGRESSIVE;
				CLANG_CXX_LANGUAGE_STANDARD = "gnu++14";
				CLANG_CXX_LIBRARY = "libc++";
				CLANG_ENABLE_MODULES = YES;
				CLANG_ENABLE_OBJC_ARC = YES;
				CLANG_ENABLE_OBJC_WEAK = YES;
				CLANG_WARN_BLOCK_CAPTURE_AUTORELEASING = YES;
				CLANG_WARN_BOOL_CONVERSION = YES;
				CLANG_WARN_COMMA = YES;
				CLANG_WARN_CONSTANT_CONVERSION = YES;
				CLANG_WARN_DEPRECATED_OBJC_IMPLEMENTATIONS = YES;
				CLANG_WARN_DIRECT_OBJC_ISA_USAGE = YES_ERROR;
				CLANG_WARN_DOCUMENTATION_COMMENTS = YES;
				CLANG_WARN_EMPTY_BODY = YES;
				CLANG_WARN_ENUM_CONVERSION = YES;
				CLANG_WARN_INFINITE_RECURSION = YES;
				CLANG_WARN_INT_CONVERSION = YES;
				CLANG_WARN_NON_LITERAL_NULL_CONVERSION = YES;
				CLANG_WARN_OBJC_IMPLICIT_RETAIN_SELF = YES;
				CLANG_WARN_OBJC_LITERAL_CONVERSION = YES;
				CLANG_WARN_OBJC_ROOT_CLASS = YES_ERROR;
				CLANG_WARN_RANGE_LOOP_ANALYSIS = YES;
				CLANG_WARN_STRICT_PROTOTYPES = YES;
				CLANG_WARN_SUSPICIOUS_MOVE = YES;
				CLANG_WARN_UNGUARDED_AVAILABILITY = YES_AGGRESSIVE;
				CLANG_WARN_UNREACHABLE_CODE = YES;
				CLANG_WARN__DUPLICATE_METHOD_MATCH = YES;
				COPY_PHASE_STRIP = NO;
				DEBUG_INFORMATION_FORMAT = dwarf;
				ENABLE_STRICT_OBJC_MSGSEND = YES;
				ENABLE_TESTABILITY = YES;
				GCC_C_LANGUAGE_STANDARD = gnu11;
				GCC_DYNAMIC_NO_PIC = NO;
				GCC_NO_COMMON_BLOCKS = YES;
				GCC_OPTIMIZATION_LEVEL = 0;
				GCC_PREPROCESSOR_DEFINITIONS = (
					"DEBUG=1",
					"$(inherited)",
				);
				GCC_WARN_64_TO_32_BIT_CONVERSION = YES;
				GCC_WARN_ABOUT_RETURN_TYPE = YES_ERROR;
				GCC_WARN_UNDECLARED_SELECTOR = YES;
				GCC_WARN_UNINITIALIZED_AUTOS = YES_AGGRESSIVE;
				GCC_WARN_UNUSED_FUNCTION = YES;
				GCC_WARN_UNUSED_VARIABLE = YES;
				MACOSX_DEPLOYMENT_TARGET = 10.15;
				MTL_ENABLE_DEBUG_INFO = INCLUDE_SOURCE;
				MTL_FAST_MATH = YES;
				ONLY_ACTIVE_ARCH = YES;
				SDKROOT = macosx;
			};
			name = Debug;
		};
		40037B6D237D8CA50012F029 /* Release */ = {
			isa = XCBuildConfiguration;
			buildSettings = {
				ALWAYS_SEARCH_USER_PATHS = NO;
				CLANG_ANALYZER_NONNULL = YES;
				CLANG_ANALYZER_NUMBER_OBJECT_CONVERSION = YES_AGGRESSIVE;
				CLANG_CXX_LANGUAGE_STANDARD = "gnu++14";
				CLANG_CXX_LIBRARY = "libc++";
				CLANG_ENABLE_MODULES = YES;
				CLANG_ENABLE_OBJC_ARC = YES;
				CLANG_ENABLE_OBJC_WEAK = YES;
				CLANG_WARN_BLOCK_CAPTURE_AUTORELEASING = YES;
				CLANG_WARN_BOOL_CONVERSION = YES;
				CLANG_WARN_COMMA = YES;
				CLANG_WARN_CONSTANT_CONVERSION = YES;
				CLANG_WARN_DEPRECATED_OBJC_IMPLEMENTATIONS = YES;
				CLANG_WARN_DIRECT_OBJC_ISA_USAGE = YES_ERROR;
				CLANG_WARN_DOCUMENTATION_COMMENTS = YES;
				CLANG_WARN_EMPTY_BODY = YES;
				CLANG_WARN_ENUM_CONVERSION = YES;
				CLANG_WARN_INFINITE_RECURSION = YES;
				CLANG_WARN_INT_CONVERSION = YES;
				CLANG_WARN_NON_LITERAL_NULL_CONVERSION = YES;
				CLANG_WARN_OBJC_IMPLICIT_RETAIN_SELF = YES;
				CLANG_WARN_OBJC_LITERAL_CONVERSION = YES;
				CLANG_WARN_OBJC_ROOT_CLASS = YES_ERROR;
				CLANG_WARN_RANGE_LOOP_ANALYSIS = YES;
				CLANG_WARN_STRICT_PROTOTYPES = YES;
				CLANG_WARN_SUSPICIOUS_MOVE = YES;
				CLANG_WARN_UNGUARDED_AVAILABILITY = YES_AGGRESSIVE;
				CLANG_WARN_UNREACHABLE_CODE = YES;
				CLANG_WARN__DUPLICATE_METHOD_MATCH = YES;
				COPY_PHASE_STRIP = NO;
				DEBUG_INFORMATION_FORMAT = "dwarf-with-dsym";
				ENABLE_NS_ASSERTIONS = NO;
				ENABLE_STRICT_OBJC_MSGSEND = YES;
				GCC_C_LANGUAGE_STANDARD = gnu11;
				GCC_NO_COMMON_BLOCKS = YES;
				GCC_WARN_64_TO_32_BIT_CONVERSION = YES;
				GCC_WARN_ABOUT_RETURN_TYPE = YES_ERROR;
				GCC_WARN_UNDECLARED_SELECTOR = YES;
				GCC_WARN_UNINITIALIZED_AUTOS = YES_AGGRESSIVE;
				GCC_WARN_UNUSED_FUNCTION = YES;
				GCC_WARN_UNUSED_VARIABLE = YES;
				MACOSX_DEPLOYMENT_TARGET = 10.15;
				MTL_ENABLE_DEBUG_INFO = NO;
				MTL_FAST_MATH = YES;
				SDKROOT = macosx;
			};
			name = Release;
		};
		40037B6F237D8CA50012F029 /* Debug */ = {
			isa = XCBuildConfiguration;
			buildSettings = {
				CODE_SIGN_STYLE = Automatic;
				PRODUCT_NAME = "$(TARGET_NAME)";
			};
			name = Debug;
		};
		40037B70237D8CA50012F029 /* Release */ = {
			isa = XCBuildConfiguration;
			buildSettings = {
				CODE_SIGN_STYLE = Automatic;
				PRODUCT_NAME = "$(TARGET_NAME)";
			};
			name = Release;
		};
/* End XCBuildConfiguration section */

/* Begin XCConfigurationList section */
		40037B62237D8CA50012F029 /* Build configuration list for PBXProject "C++" */ = {
			isa = XCConfigurationList;
			buildConfigurations = (
				40037B6C237D8CA50012F029 /* Debug */,
				40037B6D237D8CA50012F029 /* Release */,
			);
			defaultConfigurationIsVisible = 0;
			defaultConfigurationName = Release;
		};
		40037B6E237D8CA50012F029 /* Build configuration list for PBXNativeTarget "C++" */ = {
			isa = XCConfigurationList;
			buildConfigurations = (
				40037B6F237D8CA50012F029 /* Debug */,
				40037B70237D8CA50012F029 /* Release */,
			);
			defaultConfigurationIsVisible = 0;
			defaultConfigurationName = Release;
		};
/* End XCConfigurationList section */
	};
	rootObject = 40037B5F237D8CA50012F029 /* Project object */;
}
